
Microsoft Visual Studio Solution File, Format Version 12.00
# Visual Studio Version 17
VisualStudioVersion = 17.8.34330.188
MinimumVisualStudioVersion = 10.0.40219.1
Project("{FAE04EC0-301F-11D3-BF4B-00C04F79EFBC}") = "CRUD MVC", "CRUD MVC\CRUD MVC.csproj", "{947A5233-FF77-4E9B-8A2B-C0F82F067034}"
EndProject
Global
	GlobalSection(SolutionConfigurationPlatforms) = preSolution
		Debug|Any CPU = Debug|Any CPU
		Release|Any CPU = Release|Any CPU
	EndGlobalSection
	GlobalSection(ProjectConfigurationPlatforms) = postSolution
		{947A5233-FF77-4E9B-8A2B-C0F82F067034}.Debug|Any CPU.ActiveCfg = Debug|Any CPU
		{947A5233-FF77-4E9B-8A2B-C0F82F067034}.Debug|Any CPU.Build.0 = Debug|Any CPU
		{947A5233-FF77-4E9B-8A2B-C0F82F067034}.Release|Any CPU.ActiveCfg = Release|Any CPU
		{947A5233-FF77-4E9B-8A2B-C0F82F067034}.Release|Any CPU.Build.0 = Release|Any CPU
	EndGlobalSection
	GlobalSection(SolutionProperties) = preSolution
		HideSolutionNode = FALSE
	EndGlobalSection
	GlobalSection(ExtensibilityGlobals) = postSolution
		SolutionGuid = {E26D204F-0BC8-4C09-A15C-2B44410F3BAB}
	EndGlobalSection
EndGlobal
